<?xml version="1.0" encoding="utf-8"?>
<Project ToolsVersion="4.0" xmlns="http://schemas.microsoft.com/developer/msbuild/2003">
  <ItemGroup>
    <Filter Include="Header Files">
      <UniqueIdentifier>{66394ca3-2c4d-43a1-b848-490270ac5f5b}</UniqueIdentifier>
    </Filter>
    <Filter Include="Source Files">
      <UniqueIdentifier>{7b8e08aa-9b44-42be-b1f2-72e70e26c885}</UniqueIdentifier>
    </Filter>
    <Filter Include="Resource Files">
      <UniqueIdentifier>{98576b40-0625-42f6-93f4-3407b81f1f44}</UniqueIdentifier>
    </Filter>
  </ItemGroup>
  <ItemGroup>
    <ClInclude Include="include\CalculateUtils.h">
      <Filter>Header Files</Filter>
    </ClInclude>
    <ClInclude Include="include\Common.h">
      <Filter>Header Files</Filter>
    </ClInclude>
    <ClInclude Include="include\DataStructure.h">
      <Filter>Header Files</Filter>
    </ClInclude>
    <ClInclude Include="include\MassUtils.h">
      <Filter>Header Files</Filter>
    </ClInclude>
    <ClInclude Include="include\ModificationUtils.h">
      <Filter>Header Files</Filter>
    </ClInclude>
    <ClInclude Include="include\NebulionInterface.h">
      <Filter>Header Files</Filter>
    </ClInclude>
    <ClInclude Include="include\OligoProcessUtils.h">
      <Filter>Header Files</Filter>
    </ClInclude>
    <ClInclude Include="include\OSSpecificThreading.h">
      <Filter>Header Files</Filter>
    </ClInclude>
    <ClInclude Include="include\Param.h">
      <Filter>Header Files</Filter>
    </ClInclude>
    <ClInclude Include="include\SearchManager.h">
      <Filter>Header Files</Filter>
    </ClInclude>
    <ClInclude Include="include\SearchUtils.h">
      <Filter>Header Files</Filter>
    </ClInclude>
    <ClInclude Include="include\SpectrumPreprocess.h">
      <Filter>Header Files</Filter>
    </ClInclude>
    <ClInclude Include="include\Status.h">
      <Filter>Header Files</Filter>
    </ClInclude>
    <ClInclude Include="include\Threading.h">
      <Filter>Header Files</Filter>
    </ClInclude>
    <ClInclude Include="include\ThreadPool.h">
      <Filter>Header Files</Filter>
    </ClInclude>
    <ClInclude Include="include\WriteOutUtils.h">
      <Filter>Header Files</Filter>
    </ClInclude>
  </ItemGroup>
  <ItemGroup>
    <ClCompile Include="src\CalculateUtils.cpp">
      <Filter>Resource Files</Filter>
    </ClCompile>
    <ClCompile Include="src\MassUtils.cpp">
      <Filter>Resource Files</Filter>
    </ClCompile>
    <ClCompile Include="src\ModificationUtils.cpp">
      <Filter>Resource Files</Filter>
    </ClCompile>
    <ClCompile Include="src\OligoProcessUtils.cpp">
      <Filter>Resource Files</Filter>
    </ClCompile>
    <ClCompile Include="src\Param.cpp">
      <Filter>Resource Files</Filter>
    </ClCompile>
    <ClCompile Include="src\SearchInterfaces.cpp">
      <Filter>Resource Files</Filter>
    </ClCompile>
    <ClCompile Include="src\SearchManager.cpp">
      <Filter>Resource Files</Filter>
    </ClCompile>
    <ClCompile Include="src\SearchUtils.cpp">
      <Filter>Resource Files</Filter>
    </ClCompile>
    <ClCompile Include="src\SpectrumPreprocess.cpp">
      <Filter>Resource Files</Filter>
    </ClCompile>
    <ClCompile Include="src\Threading.cpp">
      <Filter>Resource Files</Filter>
    </ClCompile>
    <ClCompile Include="src\WriteOutUtils.cpp">
      <Filter>Resource Files</Filter>
    </ClCompile>
  </ItemGroup>
</Project>